
Microsoft Visual Studio Solution File, Format Version 12.00
# Visual Studio 15
VisualStudioVersion = 15.0.26730.8
MinimumVisualStudioVersion = 10.0.40219.1
Project("{FAE04EC0-301F-11D3-BF4B-00C04F79EFBC}") = "TG", "TG\TG.csproj", "{359905AB-12D0-43CD-A134-A101EF9D008D}"
EndProject
Project("{FAE04EC0-301F-11D3-BF4B-00C04F79EFBC}") = "ClassLibraryProject", "..\ClassLibraryProject\ClassLibraryProject\ClassLibraryProject.csproj", "{90E49327-4E27-4AE5-B363-F08062658B4C}"
EndProject
Global
	GlobalSection(SolutionConfigurationPlatforms) = preSolution
		Debug|Any CPU = Debug|Any CPU
		Release|Any CPU = Release|Any CPU
	EndGlobalSection
	GlobalSection(ProjectConfigurationPlatforms) = postSolution
		{359905AB-12D0-43CD-A134-A101EF9D008D}.Debug|Any CPU.ActiveCfg = Debug|Any CPU
		{359905AB-12D0-43CD-A134-A101EF9D008D}.Debug|Any CPU.Build.0 = Debug|Any CPU
		{359905AB-12D0-43CD-A134-A101EF9D008D}.Release|Any CPU.ActiveCfg = Release|Any CPU
		{359905AB-12D0-43CD-A134-A101EF9D008D}.Release|Any CPU.Build.0 = Release|Any CPU
		{90E49327-4E27-4AE5-B363-F08062658B4C}.Debug|Any CPU.ActiveCfg = Debug|Any CPU
		{90E49327-4E27-4AE5-B363-F08062658B4C}.Debug|Any CPU.Build.0 = Debug|Any CPU
		{90E49327-4E27-4AE5-B363-F08062658B4C}.Release|Any CPU.ActiveCfg = Release|Any CPU
		{90E49327-4E27-4AE5-B363-F08062658B4C}.Release|Any CPU.Build.0 = Release|Any CPU
	EndGlobalSection
	GlobalSection(SolutionProperties) = preSolution
		HideSolutionNode = FALSE
	EndGlobalSection
	GlobalSection(ExtensibilityGlobals) = postSolution
		SolutionGuid = {3467EBB1-0514-4D8C-AAEF-DAF01079A43D}
	EndGlobalSection
EndGlobal
